
Microsoft Visual Studio Solution File, Format Version 12.00
# Visual Studio Version 17
VisualStudioVersion = 17.9.34622.214
MinimumVisualStudioVersion = 10.0.40219.1
Project("{9A19103F-16F7-4668-BE54-9A1E7A4F7556}") = "TodoApi", "TodoApi.csproj", "{4BD1692A-343B-443F-A84A-32206A205548}"
EndProject
Global
	GlobalSection(SolutionConfigurationPlatforms) = preSolution
		Debug|Any CPU = Debug|Any CPU
		Release|Any CPU = Release|Any CPU
	EndGlobalSection
	GlobalSection(ProjectConfigurationPlatforms) = postSolution
		{4BD1692A-343B-443F-A84A-32206A205548}.Debug|Any CPU.ActiveCfg = Debug|Any CPU
		{4BD1692A-343B-443F-A84A-32206A205548}.Debug|Any CPU.Build.0 = Debug|Any CPU
		{4BD1692A-343B-443F-A84A-32206A205548}.Release|Any CPU.ActiveCfg = Release|Any CPU
		{4BD1692A-343B-443F-A84A-32206A205548}.Release|Any CPU.Build.0 = Release|Any CPU
	EndGlobalSection
	GlobalSection(SolutionProperties) = preSolution
		HideSolutionNode = FALSE
	EndGlobalSection
	GlobalSection(ExtensibilityGlobals) = postSolution
		SolutionGuid = {EFDA0C62-42DD-4406-9566-AF420A965E50}
	EndGlobalSection
EndGlobal
